
Microsoft Visual Studio Solution File, Format Version 12.00
# Visual Studio Version 17
VisualStudioVersion = 17.7.34009.444
MinimumVisualStudioVersion = 10.0.40219.1
Project("{FAE04EC0-301F-11D3-BF4B-00C04F79EFBC}") = "Issue_Tracking_System", "Issue_Tracking_System\Issue_Tracking_System.csproj", "{7BDA8BB6-9227-4C8D-98EC-2CF1C9C84EC9}"
EndProject
Global
	GlobalSection(SolutionConfigurationPlatforms) = preSolution
		Debug|Any CPU = Debug|Any CPU
		Release|Any CPU = Release|Any CPU
	EndGlobalSection
	GlobalSection(ProjectConfigurationPlatforms) = postSolution
		{7BDA8BB6-9227-4C8D-98EC-2CF1C9C84EC9}.Debug|Any CPU.ActiveCfg = Debug|Any CPU
		{7BDA8BB6-9227-4C8D-98EC-2CF1C9C84EC9}.Debug|Any CPU.Build.0 = Debug|Any CPU
		{7BDA8BB6-9227-4C8D-98EC-2CF1C9C84EC9}.Release|Any CPU.ActiveCfg = Release|Any CPU
		{7BDA8BB6-9227-4C8D-98EC-2CF1C9C84EC9}.Release|Any CPU.Build.0 = Release|Any CPU
	EndGlobalSection
	GlobalSection(SolutionProperties) = preSolution
		HideSolutionNode = FALSE
	EndGlobalSection
	GlobalSection(ExtensibilityGlobals) = postSolution
		SolutionGuid = {780CB9C3-865B-4A49-90C3-EC737267D48B}
	EndGlobalSection
EndGlobal
